
Microsoft Visual Studio Solution File, Format Version 12.00
# Visual Studio Version 16
VisualStudioVersion = 16.0.29709.97
MinimumVisualStudioVersion = 10.0.40219.1
Project("{FAE04EC0-301F-11D3-BF4B-00C04F79EFBC}") = "VirtualEntity", "VirtualEntity\VirtualEntity.csproj", "{BEB1F861-1782-48F4-9565-98EC7D4E62C4}"
EndProject
Global
	GlobalSection(SolutionConfigurationPlatforms) = preSolution
		Debug|Any CPU = Debug|Any CPU
		Release|Any CPU = Release|Any CPU
	EndGlobalSection
	GlobalSection(ProjectConfigurationPlatforms) = postSolution
		{BEB1F861-1782-48F4-9565-98EC7D4E62C4}.Debug|Any CPU.ActiveCfg = Debug|Any CPU
		{BEB1F861-1782-48F4-9565-98EC7D4E62C4}.Debug|Any CPU.Build.0 = Debug|Any CPU
		{BEB1F861-1782-48F4-9565-98EC7D4E62C4}.Release|Any CPU.ActiveCfg = Release|Any CPU
		{BEB1F861-1782-48F4-9565-98EC7D4E62C4}.Release|Any CPU.Build.0 = Release|Any CPU
	EndGlobalSection
	GlobalSection(SolutionProperties) = preSolution
		HideSolutionNode = FALSE
	EndGlobalSection
	GlobalSection(ExtensibilityGlobals) = postSolution
		SolutionGuid = {0B730597-0592-4111-A30C-A8BB001A0117}
	EndGlobalSection
EndGlobal
